// !$*UTF8*$!
{
	archiveVersion = 1;
	classes = {
	};
	objectVersion = 46;
	objects = {

/* Begin PBXBuildFile section */
		0C384F761E9AADC6009819D7 /* LoginButtonFunctions.swift in Sources */ = {isa = PBXBuildFile; fileRef = 0C384F751E9AADC6009819D7 /* LoginButtonFunctions.swift */; };
		0C384F791E9AAF21009819D7 /* BaseCell.swift in Sources */ = {isa = PBXBuildFile; fileRef = 0C384F781E9AAF21009819D7 /* BaseCell.swift */; };
		0C384F7C1E9AB1AF009819D7 /* HomeController View Constraints.swift in Sources */ = {isa = PBXBuildFile; fileRef = 0C384F7B1E9AB1AF009819D7 /* HomeController View Constraints.swift */; };
		0C384F7E1E9C59AF009819D7 /* Database Properties.swift in Sources */ = {isa = PBXBuildFile; fileRef = 0C384F7D1E9C59AF009819D7 /* Database Properties.swift */; };
		0C3F305A1E9196E800B86E42 /* myNewsViewCell.swift in Sources */ = {isa = PBXBuildFile; fileRef = 0C3F30591E9196E800B86E42 /* myNewsViewCell.swift */; };
		0C3F305D1E93042F00B86E42 /* FireBaseGetInfo.swift in Sources */ = {isa = PBXBuildFile; fileRef = 0C3F305C1E93042F00B86E42 /* FireBaseGetInfo.swift */; };
		0C5355BD1E528EB2004FFCE4 /* TriniNewsCell.swift in Sources */ = {isa = PBXBuildFile; fileRef = 0C5355BC1E528EB2004FFCE4 /* TriniNewsCell.swift */; };
		0C5355BF1E56683D004FFCE4 /* MenuBar.swift in Sources */ = {isa = PBXBuildFile; fileRef = 0C5355BE1E56683D004FFCE4 /* MenuBar.swift */; };
		0C5355C11E568260004FFCE4 /* MenuCell.swift in Sources */ = {isa = PBXBuildFile; fileRef = 0C5355C01E568260004FFCE4 /* MenuCell.swift */; };
		0C6A5F841E3E69710008C3C3 /* AppDelegate.swift in Sources */ = {isa = PBXBuildFile; fileRef = 0C6A5F831E3E69710008C3C3 /* AppDelegate.swift */; };
		0C6A5F891E3E69710008C3C3 /* Main.storyboard in Resources */ = {isa = PBXBuildFile; fileRef = 0C6A5F871E3E69710008C3C3 /* Main.storyboard */; };
		0C6A5F8B1E3E69710008C3C3 /* Assets.xcassets in Resources */ = {isa = PBXBuildFile; fileRef = 0C6A5F8A1E3E69710008C3C3 /* Assets.xcassets */; };
		0C6A5F8E1E3E69710008C3C3 /* LaunchScreen.storyboard in Resources */ = {isa = PBXBuildFile; fileRef = 0C6A5F8C1E3E69710008C3C3 /* LaunchScreen.storyboard */; };
		0C6A5F961E3E69E20008C3C3 /* GoogleService-Info.plist in Resources */ = {isa = PBXBuildFile; fileRef = 0C6A5F951E3E69E20008C3C3 /* GoogleService-Info.plist */; };
		0C6A5F991E3E6D5E0008C3C3 /* HomeController.swift in Sources */ = {isa = PBXBuildFile; fileRef = 0C6A5F981E3E6D5E0008C3C3 /* HomeController.swift */; };
		0C6A5F9D1E3E709C0008C3C3 /* LoginController.swift in Sources */ = {isa = PBXBuildFile; fileRef = 0C6A5F9C1E3E709C0008C3C3 /* LoginController.swift */; };
		0C6A5FA01E3E734B0008C3C3 /* LoginScreenConstraints.swift in Sources */ = {isa = PBXBuildFile; fileRef = 0C6A5F9F1E3E734B0008C3C3 /* LoginScreenConstraints.swift */; };
		0C6A5FA31E3EA6A10008C3C3 /* UserHomePageController.swift in Sources */ = {isa = PBXBuildFile; fileRef = 0C6A5FA21E3EA6A10008C3C3 /* UserHomePageController.swift */; };
		0C9381CA1E81D90E00314E41 /* PostingPageController.swift in Sources */ = {isa = PBXBuildFile; fileRef = 0C9381C91E81D90E00314E41 /* PostingPageController.swift */; };
		0C94E3821E5A2D360015A90E /* FeedCell.swift in Sources */ = {isa = PBXBuildFile; fileRef = 0C94E3811E5A2D360015A90E /* FeedCell.swift */; };
		0C94E3861E6C64CF0015A90E /* UserProfileConstr.swift in Sources */ = {isa = PBXBuildFile; fileRef = 0C94E3851E6C64CF0015A90E /* UserProfileConstr.swift */; };
		0C94E38B1E6CDFBA0015A90E /* PhotoSelectionCell.swift in Sources */ = {isa = PBXBuildFile; fileRef = 0C94E38A1E6CDFBA0015A90E /* PhotoSelectionCell.swift */; };
		0C94E3911E6F788A0015A90E /* UserPhotoController.swift in Sources */ = {isa = PBXBuildFile; fileRef = 0C94E3901E6F788A0015A90E /* UserPhotoController.swift */; };
		0CA33AAB1E9F048F00165BBB /* MenuButtons.swift in Sources */ = {isa = PBXBuildFile; fileRef = 0CA33AAA1E9F048F00165BBB /* MenuButtons.swift */; };
		0CBB54311E47E93E0020EE2F /* ProfileImageCache.swift in Sources */ = {isa = PBXBuildFile; fileRef = 0CBB54301E47E93E0020EE2F /* ProfileImageCache.swift */; };
		0CBB54331E495A1F0020EE2F /* NavBarExt.swift in Sources */ = {isa = PBXBuildFile; fileRef = 0CBB54321E495A1F0020EE2F /* NavBarExt.swift */; };
		E503326AD55986082EF935F0 /* Pods_NewsBeta1.framework in Frameworks */ = {isa = PBXBuildFile; fileRef = 9A58BA92C51DB5C079B3CD96 /* Pods_NewsBeta1.framework */; };
/* End PBXBuildFile section */

/* Begin PBXFileReference section */
		0C1B6D0F1E884E300063389F /* NewsBeta1-Bridging-Header.h */ = {isa = PBXFileReference; lastKnownFileType = sourcecode.c.h; path = "NewsBeta1-Bridging-Header.h"; sourceTree = "<group>"; };
		0C384F751E9AADC6009819D7 /* LoginButtonFunctions.swift */ = {isa = PBXFileReference; fileEncoding = 4; lastKnownFileType = sourcecode.swift; path = LoginButtonFunctions.swift; sourceTree = "<group>"; };
		0C384F781E9AAF21009819D7 /* BaseCell.swift */ = {isa = PBXFileReference; fileEncoding = 4; lastKnownFileType = sourcecode.swift; path = BaseCell.swift; sourceTree = "<group>"; };
		0C384F7B1E9AB1AF009819D7 /* HomeController View Constraints.swift */ = {isa = PBXFileReference; fileEncoding = 4; lastKnownFileType = sourcecode.swift; path = "HomeController View Constraints.swift"; sourceTree = "<group>"; };
		0C384F7D1E9C59AF009819D7 /* Database Properties.swift */ = {isa = PBXFileReference; fileEncoding = 4; lastKnownFileType = sourcecode.swift; path = "Database Properties.swift"; sourceTree = "<group>"; };
		0C3F30591E9196E800B86E42 /* myNewsViewCell.swift */ = {isa = PBXFileReference; fileEncoding = 4; lastKnownFileType = sourcecode.swift; path = myNewsViewCell.swift; sourceTree = "<group>"; };
		0C3F305C1E93042F00B86E42 /* FireBaseGetInfo.swift */ = {isa = PBXFileReference; fileEncoding = 4; lastKnownFileType = sourcecode.swift; path = FireBaseGetInfo.swift; sourceTree = "<group>"; };
		0C5355BC1E528EB2004FFCE4 /* TriniNewsCell.swift */ = {isa = PBXFileReference; fileEncoding = 4; lastKnownFileType = sourcecode.swift; path = TriniNewsCell.swift; sourceTree = "<group>"; };
		0C5355BE1E56683D004FFCE4 /* MenuBar.swift */ = {isa = PBXFileReference; fileEncoding = 4; lastKnownFileType = sourcecode.swift; path = MenuBar.swift; sourceTree = "<group>"; };
		0C5355C01E568260004FFCE4 /* MenuCell.swift */ = {isa = PBXFileReference; fileEncoding = 4; lastKnownFileType = sourcecode.swift; path = MenuCell.swift; sourceTree = "<group>"; };
		0C6A5F801E3E69710008C3C3 /* NewsBeta1.app */ = {isa = PBXFileReference; explicitFileType = wrapper.application; includeInIndex = 0; path = NewsBeta1.app; sourceTree = BUILT_PRODUCTS_DIR; };
		0C6A5F831E3E69710008C3C3 /* AppDelegate.swift */ = {isa = PBXFileReference; lastKnownFileType = sourcecode.swift; path = AppDelegate.swift; sourceTree = "<group>"; };
		0C6A5F881E3E69710008C3C3 /* Base */ = {isa = PBXFileReference; lastKnownFileType = file.storyboard; name = Base; path = Base.lproj/Main.storyboard; sourceTree = "<group>"; };
		0C6A5F8A1E3E69710008C3C3 /* Assets.xcassets */ = {isa = PBXFileReference; lastKnownFileType = folder.assetcatalog; path = Assets.xcassets; sourceTree = "<group>"; };
		0C6A5F8D1E3E69710008C3C3 /* Base */ = {isa = PBXFileReference; lastKnownFileType = file.storyboard; name = Base; path = Base.lproj/LaunchScreen.storyboard; sourceTree = "<group>"; };
		0C6A5F8F1E3E69710008C3C3 /* Info.plist */ = {isa = PBXFileReference; lastKnownFileType = text.plist.xml; path = Info.plist; sourceTree = "<group>"; };
		0C6A5F951E3E69E20008C3C3 /* GoogleService-Info.plist */ = {isa = PBXFileReference; fileEncoding = 4; lastKnownFileType = text.plist.xml; path = "GoogleService-Info.plist"; sourceTree = "<group>"; };
		0C6A5F981E3E6D5E0008C3C3 /* HomeController.swift */ = {isa = PBXFileReference; fileEncoding = 4; lastKnownFileType = sourcecode.swift; path = HomeController.swift; sourceTree = "<group>"; };
		0C6A5F9A1E3E6F5C0008C3C3 /* AdSupport.framework */ = {isa = PBXFileReference; lastKnownFileType = wrapper.framework; name = AdSupport.framework; path = System/Library/Frameworks/AdSupport.framework; sourceTree = SDKROOT; };
		0C6A5F9C1E3E709C0008C3C3 /* LoginController.swift */ = {isa = PBXFileReference; fileEncoding = 4; lastKnownFileType = sourcecode.swift; path = LoginController.swift; sourceTree = "<group>"; };
		0C6A5F9F1E3E734B0008C3C3 /* LoginScreenConstraints.swift */ = {isa = PBXFileReference; fileEncoding = 4; lastKnownFileType = sourcecode.swift; path = LoginScreenConstraints.swift; sourceTree = "<group>"; };
		0C6A5FA21E3EA6A10008C3C3 /* UserHomePageController.swift */ = {isa = PBXFileReference; fileEncoding = 4; lastKnownFileType = sourcecode.swift; path = UserHomePageController.swift; sourceTree = "<group>"; };
		0C9381C91E81D90E00314E41 /* PostingPageController.swift */ = {isa = PBXFileReference; fileEncoding = 4; lastKnownFileType = sourcecode.swift; path = PostingPageController.swift; sourceTree = "<group>"; };
		0C94E3811E5A2D360015A90E /* FeedCell.swift */ = {isa = PBXFileReference; fileEncoding = 4; lastKnownFileType = sourcecode.swift; path = FeedCell.swift; sourceTree = "<group>"; };
		0C94E3851E6C64CF0015A90E /* UserProfileConstr.swift */ = {isa = PBXFileReference; fileEncoding = 4; lastKnownFileType = sourcecode.swift; path = UserProfileConstr.swift; sourceTree = "<group>"; };
		0C94E38A1E6CDFBA0015A90E /* PhotoSelectionCell.swift */ = {isa = PBXFileReference; fileEncoding = 4; lastKnownFileType = sourcecode.swift; path = PhotoSelectionCell.swift; sourceTree = "<group>"; };
		0C94E3901E6F788A0015A90E /* UserPhotoController.swift */ = {isa = PBXFileReference; fileEncoding = 4; lastKnownFileType = sourcecode.swift; path = UserPhotoController.swift; sourceTree = "<group>"; };
		0CA33AAA1E9F048F00165BBB /* MenuButtons.swift */ = {isa = PBXFileReference; fileEncoding = 4; lastKnownFileType = sourcecode.swift; path = MenuButtons.swift; sourceTree = "<group>"; };
		0CBB54301E47E93E0020EE2F /* ProfileImageCache.swift */ = {isa = PBXFileReference; fileEncoding = 4; lastKnownFileType = sourcecode.swift; path = ProfileImageCache.swift; sourceTree = "<group>"; };
		0CBB54321E495A1F0020EE2F /* NavBarExt.swift */ = {isa = PBXFileReference; fileEncoding = 4; lastKnownFileType = sourcecode.swift; path = NavBarExt.swift; sourceTree = "<group>"; };
		68EF171CB33FEBE2104959A5 /* Pods-NewsBeta1.debug.xcconfig */ = {isa = PBXFileReference; includeInIndex = 1; lastKnownFileType = text.xcconfig; name = "Pods-NewsBeta1.debug.xcconfig"; path = "Pods/Target Support Files/Pods-NewsBeta1/Pods-NewsBeta1.debug.xcconfig"; sourceTree = "<group>"; };
		9A58BA92C51DB5C079B3CD96 /* Pods_NewsBeta1.framework */ = {isa = PBXFileReference; explicitFileType = wrapper.framework; includeInIndex = 0; path = Pods_NewsBeta1.framework; sourceTree = BUILT_PRODUCTS_DIR; };
		F176E6E4A163C50CFBC27AE9 /* Pods-NewsBeta1.release.xcconfig */ = {isa = PBXFileReference; includeInIndex = 1; lastKnownFileType = text.xcconfig; name = "Pods-NewsBeta1.release.xcconfig"; path = "Pods/Target Support Files/Pods-NewsBeta1/Pods-NewsBeta1.release.xcconfig"; sourceTree = "<group>"; };
/* End PBXFileReference section */

/* Begin PBXFrameworksBuildPhase section */
		0C6A5F7D1E3E69700008C3C3 /* Frameworks */ = {
			isa = PBXFrameworksBuildPhase;
			buildActionMask = 2147483647;
			files = (
				E503326AD55986082EF935F0 /* Pods_NewsBeta1.framework in Frameworks */,
			);
			runOnlyForDeploymentPostprocessing = 0;
		};
/* End PBXFrameworksBuildPhase section */

/* Begin PBXGroup section */
		0C1B6D121E8D7DC90063389F /* Feed Cells */ = {
			isa = PBXGroup;
			children = (
				0C5355BC1E528EB2004FFCE4 /* TriniNewsCell.swift */,
			);
			name = "Feed Cells";
			sourceTree = "<group>";
		};
		0C384F771E9AAE9A009819D7 /* Login Extensions */ = {
			isa = PBXGroup;
			children = (
				0C384F751E9AADC6009819D7 /* LoginButtonFunctions.swift */,
				0C6A5F9F1E3E734B0008C3C3 /* LoginScreenConstraints.swift */,
			);
			name = "Login Extensions";
			sourceTree = "<group>";
		};
		0C384F7A1E9AB186009819D7 /* HomeController Extensions */ = {
			isa = PBXGroup;
			children = (
				0C384F7B1E9AB1AF009819D7 /* HomeController View Constraints.swift */,
			);
			name = "HomeController Extensions";
			sourceTree = "<group>";
		};
		0C3F305B1E9303C500B86E42 /* Login Screen */ = {
			isa = PBXGroup;
			children = (
				0C6A5F9C1E3E709C0008C3C3 /* LoginController.swift */,
				0C384F771E9AAE9A009819D7 /* Login Extensions */,
			);
			name = "Login Screen";
			sourceTree = "<group>";
		};
		0C3F305F1E95E93600B86E42 /* HomePage */ = {
			isa = PBXGroup;
			children = (
				0C6A5F981E3E6D5E0008C3C3 /* HomeController.swift */,
				0C384F7A1E9AB186009819D7 /* HomeController Extensions */,
			);
			name = HomePage;
			sourceTree = "<group>";
		};
		0C3F30601E95E94900B86E42 /* ProfilePage */ = {
			isa = PBXGroup;
			children = (
				0C6A5FA21E3EA6A10008C3C3 /* UserHomePageController.swift */,
				0CA33AA91E9EDC0500165BBB /* UserHomePage Extension */,
			);
			name = ProfilePage;
			sourceTree = "<group>";
		};
		0C3F30611E95E95E00B86E42 /* PhotoSelectionPage */ = {
			isa = PBXGroup;
			children = (
				0C94E3901E6F788A0015A90E /* UserPhotoController.swift */,
				0C9381C91E81D90E00314E41 /* PostingPageController.swift */,
			);
			name = PhotoSelectionPage;
			sourceTree = "<group>";
		};
		0C3F30621E95EA3F00B86E42 /* ProfilePage Views */ = {
			isa = PBXGroup;
			children = (
				0C3F30591E9196E800B86E42 /* myNewsViewCell.swift */,
			);
			name = "ProfilePage Views";
			sourceTree = "<group>";
		};
		0C6A5F771E3E69700008C3C3 = {
			isa = PBXGroup;
			children = (
				0C6A5F821E3E69710008C3C3 /* NewsBeta1 */,
				0C6A5F811E3E69710008C3C3 /* Products */,
				D0EB5D5192A6B5011151A745 /* Pods */,
				8F95911C4F45F3E5927AFA64 /* Frameworks */,
			);
			sourceTree = "<group>";
		};
		0C6A5F811E3E69710008C3C3 /* Products */ = {
			isa = PBXGroup;
			children = (
				0C6A5F801E3E69710008C3C3 /* NewsBeta1.app */,
			);
			name = Products;
			sourceTree = "<group>";
		};
		0C6A5F821E3E69710008C3C3 /* NewsBeta1 */ = {
			isa = PBXGroup;
			children = (
				0C6A5F9E1E3E73340008C3C3 /* Models */,
				0C6A5FA11E3E88090008C3C3 /* Views */,
				0C6A5F971E3E6D490008C3C3 /* Controllers */,
				0C6A5F871E3E69710008C3C3 /* Main.storyboard */,
				0C6A5F8A1E3E69710008C3C3 /* Assets.xcassets */,
				0C6A5F8C1E3E69710008C3C3 /* LaunchScreen.storyboard */,
				0C6A5F8F1E3E69710008C3C3 /* Info.plist */,
				0C6A5F951E3E69E20008C3C3 /* GoogleService-Info.plist */,
			);
			path = NewsBeta1;
			sourceTree = "<group>";
		};
		0C6A5F971E3E6D490008C3C3 /* Controllers */ = {
			isa = PBXGroup;
			children = (
				0C6A5F831E3E69710008C3C3 /* AppDelegate.swift */,
				0C3F30611E95E95E00B86E42 /* PhotoSelectionPage */,
				0C3F30601E95E94900B86E42 /* ProfilePage */,
				0C3F305F1E95E93600B86E42 /* HomePage */,
				0C3F305B1E9303C500B86E42 /* Login Screen */,
			);
			name = Controllers;
			sourceTree = "<group>";
		};
		0C6A5F9E1E3E73340008C3C3 /* Models */ = {
			isa = PBXGroup;
			children = (
				0C3F305C1E93042F00B86E42 /* FireBaseGetInfo.swift */,
				0C384F7D1E9C59AF009819D7 /* Database Properties.swift */,
				0CBB54301E47E93E0020EE2F /* ProfileImageCache.swift */,
				0C5355BE1E56683D004FFCE4 /* MenuBar.swift */,
				0C1B6D0F1E884E300063389F /* NewsBeta1-Bridging-Header.h */,
				0C384F781E9AAF21009819D7 /* BaseCell.swift */,
				0CA33AAA1E9F048F00165BBB /* MenuButtons.swift */,
			);
			name = Models;
			sourceTree = "<group>";
		};
		0C6A5FA11E3E88090008C3C3 /* Views */ = {
			isa = PBXGroup;
			children = (
				0C3F30621E95EA3F00B86E42 /* ProfilePage Views */,
				0CBB54321E495A1F0020EE2F /* NavBarExt.swift */,
				0C94E38A1E6CDFBA0015A90E /* PhotoSelectionCell.swift */,
				0C94E3891E6CDA090015A90E /* HomePage Views */,
			);
			name = Views;
			sourceTree = "<group>";
		};
		0C94E3891E6CDA090015A90E /* HomePage Views */ = {
			isa = PBXGroup;
			children = (
				0C94E3811E5A2D360015A90E /* FeedCell.swift */,
				0C5355C01E568260004FFCE4 /* MenuCell.swift */,
				0C1B6D121E8D7DC90063389F /* Feed Cells */,
			);
			name = "HomePage Views";
			sourceTree = "<group>";
		};
		0CA33AA91E9EDC0500165BBB /* UserHomePage Extension */ = {
			isa = PBXGroup;
			children = (
				0C94E3851E6C64CF0015A90E /* UserProfileConstr.swift */,
			);
			name = "UserHomePage Extension";
			sourceTree = "<group>";
		};
		8F95911C4F45F3E5927AFA64 /* Frameworks */ = {
			isa = PBXGroup;
			children = (
				0C6A5F9A1E3E6F5C0008C3C3 /* AdSupport.framework */,
				9A58BA92C51DB5C079B3CD96 /* Pods_NewsBeta1.framework */,
			);
			name = Frameworks;
			sourceTree = "<group>";
		};
		D0EB5D5192A6B5011151A745 /* Pods */ = {
			isa = PBXGroup;
			children = (
				68EF171CB33FEBE2104959A5 /* Pods-NewsBeta1.debug.xcconfig */,
				F176E6E4A163C50CFBC27AE9 /* Pods-NewsBeta1.release.xcconfig */,
			);
			name = Pods;
			sourceTree = "<group>";
		};
/* End PBXGroup section */

/* Begin PBXNativeTarget section */
		0C6A5F7F1E3E69700008C3C3 /* NewsBeta1 */ = {
			isa = PBXNativeTarget;
			buildConfigurationList = 0C6A5F921E3E69710008C3C3 /* Build configuration list for PBXNativeTarget "NewsBeta1" */;
			buildPhases = (
				88D4ECE7FE42A7D58E27721B /* [CP] Check Pods Manifest.lock */,
				0C6A5F7C1E3E69700008C3C3 /* Sources */,
				0C6A5F7D1E3E69700008C3C3 /* Frameworks */,
				0C6A5F7E1E3E69700008C3C3 /* Resources */,
				1ECF513086B7FA843561AA86 /* [CP] Embed Pods Frameworks */,
				770177E941DF1B3378D304DD /* [CP] Copy Pods Resources */,
			);
			buildRules = (
			);
			dependencies = (
			);
			name = NewsBeta1;
			productName = NewsBeta1;
			productReference = 0C6A5F801E3E69710008C3C3 /* NewsBeta1.app */;
			productType = "com.apple.product-type.application";
		};
/* End PBXNativeTarget section */

/* Begin PBXProject section */
		0C6A5F781E3E69700008C3C3 /* Project object */ = {
			isa = PBXProject;
			attributes = {
				LastSwiftUpdateCheck = 0820;
				LastUpgradeCheck = 0820;
				ORGANIZATIONNAME = AppCo;
				TargetAttributes = {
					0C6A5F7F1E3E69700008C3C3 = {
						CreatedOnToolsVersion = 8.2.1;
						DevelopmentTeam = 3B3NU2T7AN;
						LastSwiftMigration = 0820;
						ProvisioningStyle = Automatic;
					};
				};
			};
			buildConfigurationList = 0C6A5F7B1E3E69700008C3C3 /* Build configuration list for PBXProject "NewsBeta1" */;
			compatibilityVersion = "Xcode 3.2";
			developmentRegion = English;
			hasScannedForEncodings = 0;
			knownRegions = (
				en,
				Base,
			);
			mainGroup = 0C6A5F771E3E69700008C3C3;
			productRefGroup = 0C6A5F811E3E69710008C3C3 /* Products */;
			projectDirPath = "";
			projectRoot = "";
			targets = (
				0C6A5F7F1E3E69700008C3C3 /* NewsBeta1 */,
			);
		};
/* End PBXProject section */

/* Begin PBXResourcesBuildPhase section */
		0C6A5F7E1E3E69700008C3C3 /* Resources */ = {
			isa = PBXResourcesBuildPhase;
			buildActionMask = 2147483647;
			files = (
				0C6A5F8E1E3E69710008C3C3 /* LaunchScreen.storyboard in Resources */,
				0C6A5F8B1E3E69710008C3C3 /* Assets.xcassets in Resources */,
				0C6A5F961E3E69E20008C3C3 /* GoogleService-Info.plist in Resources */,
				0C6A5F891E3E69710008C3C3 /* Main.storyboard in Resources */,
			);
			runOnlyForDeploymentPostprocessing = 0;
		};
/* End PBXResourcesBuildPhase section */

/* Begin PBXShellScriptBuildPhase section */
		1ECF513086B7FA843561AA86 /* [CP] Embed Pods Frameworks */ = {
			isa = PBXShellScriptBuildPhase;
			buildActionMask = 2147483647;
			files = (
			);
			inputPaths = (
			);
			name = "[CP] Embed Pods Frameworks";
			outputPaths = (
			);
			runOnlyForDeploymentPostprocessing = 0;
			shellPath = /bin/sh;
			shellScript = "\"${SRCROOT}/Pods/Target Support Files/Pods-NewsBeta1/Pods-NewsBeta1-frameworks.sh\"\n";
			showEnvVarsInLog = 0;
		};
		770177E941DF1B3378D304DD /* [CP] Copy Pods Resources */ = {
			isa = PBXShellScriptBuildPhase;
			buildActionMask = 2147483647;
			files = (
			);
			inputPaths = (
			);
			name = "[CP] Copy Pods Resources";
			outputPaths = (
			);
			runOnlyForDeploymentPostprocessing = 0;
			shellPath = /bin/sh;
			shellScript = "\"${SRCROOT}/Pods/Target Support Files/Pods-NewsBeta1/Pods-NewsBeta1-resources.sh\"\n";
			showEnvVarsInLog = 0;
		};
		88D4ECE7FE42A7D58E27721B /* [CP] Check Pods Manifest.lock */ = {
			isa = PBXShellScriptBuildPhase;
			buildActionMask = 2147483647;
			files = (
			);
			inputPaths = (
			);
			name = "[CP] Check Pods Manifest.lock";
			outputPaths = (
			);
			runOnlyForDeploymentPostprocessing = 0;
			shellPath = /bin/sh;
			shellScript = "diff \"${PODS_ROOT}/../Podfile.lock\" \"${PODS_ROOT}/Manifest.lock\" > /dev/null\nif [ $? != 0 ] ; then\n    # print error to STDERR\n    echo \"error: The sandbox is not in sync with the Podfile.lock. Run 'pod install' or update your CocoaPods installation.\" >&2\n    exit 1\nfi\n";
			showEnvVarsInLog = 0;
		};
/* End PBXShellScriptBuildPhase section */

/* Begin PBXSourcesBuildPhase section */
		0C6A5F7C1E3E69700008C3C3 /* Sources */ = {
			isa = PBXSourcesBuildPhase;
			buildActionMask = 2147483647;
			files = (
				0C384F791E9AAF21009819D7 /* BaseCell.swift in Sources */,
				0C6A5FA01E3E734B0008C3C3 /* LoginScreenConstraints.swift in Sources */,
				0C94E38B1E6CDFBA0015A90E /* PhotoSelectionCell.swift in Sources */,
				0CBB54331E495A1F0020EE2F /* NavBarExt.swift in Sources */,
				0C384F7C1E9AB1AF009819D7 /* HomeController View Constraints.swift in Sources */,
				0C384F7E1E9C59AF009819D7 /* Database Properties.swift in Sources */,
				0C6A5F841E3E69710008C3C3 /* AppDelegate.swift in Sources */,
				0C94E3861E6C64CF0015A90E /* UserProfileConstr.swift in Sources */,
				0C6A5F9D1E3E709C0008C3C3 /* LoginController.swift in Sources */,
				0C94E3821E5A2D360015A90E /* FeedCell.swift in Sources */,
				0C6A5F991E3E6D5E0008C3C3 /* HomeController.swift in Sources */,
				0C5355BF1E56683D004FFCE4 /* MenuBar.swift in Sources */,
				0CA33AAB1E9F048F00165BBB /* MenuButtons.swift in Sources */,
				0C94E3911E6F788A0015A90E /* UserPhotoController.swift in Sources */,
				0C5355C11E568260004FFCE4 /* MenuCell.swift in Sources */,
				0C384F761E9AADC6009819D7 /* LoginButtonFunctions.swift in Sources */,
				0C3F305D1E93042F00B86E42 /* FireBaseGetInfo.swift in Sources */,
				0C9381CA1E81D90E00314E41 /* PostingPageController.swift in Sources */,
				0CBB54311E47E93E0020EE2F /* ProfileImageCache.swift in Sources */,
				0C3F305A1E9196E800B86E42 /* myNewsViewCell.swift in Sources */,
				0C5355BD1E528EB2004FFCE4 /* TriniNewsCell.swift in Sources */,
				0C6A5FA31E3EA6A10008C3C3 /* UserHomePageController.swift in Sources */,
			);
			runOnlyForDeploymentPostprocessing = 0;
		};
/* End PBXSourcesBuildPhase section */

/* Begin PBXVariantGroup section */
		0C6A5F871E3E69710008C3C3 /* Main.storyboard */ = {
			isa = PBXVariantGroup;
			children = (
				0C6A5F881E3E69710008C3C3 /* Base */,
			);
			name = Main.storyboard;
			sourceTree = "<group>";
		};
		0C6A5F8C1E3E69710008C3C3 /* LaunchScreen.storyboard */ = {
			isa = PBXVariantGroup;
			children = (
				0C6A5F8D1E3E69710008C3C3 /* Base */,
			);
			name = LaunchScreen.storyboard;
			sourceTree = "<group>";
		};
/* End PBXVariantGroup section */

/* Begin XCBuildConfiguration section */
		0C6A5F901E3E69710008C3C3 /* Debug */ = {
			isa = XCBuildConfiguration;
			buildSettings = {
				ALWAYS_SEARCH_USER_PATHS = NO;
				CLANG_ANALYZER_NONNULL = YES;
				CLANG_CXX_LANGUAGE_STANDARD = "gnu++0x";
				CLANG_CXX_LIBRARY = "libc++";
				CLANG_ENABLE_MODULES = YES;
				CLANG_ENABLE_OBJC_ARC = YES;
				CLANG_WARN_BOOL_CONVERSION = YES;
				CLANG_WARN_CONSTANT_CONVERSION = YES;
				CLANG_WARN_DIRECT_OBJC_ISA_USAGE = YES_ERROR;
				CLANG_WARN_DOCUMENTATION_COMMENTS = YES;
				CLANG_WARN_EMPTY_BODY = YES;
				CLANG_WARN_ENUM_CONVERSION = YES;
				CLANG_WARN_INFINITE_RECURSION = YES;
				CLANG_WARN_INT_CONVERSION = YES;
				CLANG_WARN_OBJC_ROOT_CLASS = YES_ERROR;
				CLANG_WARN_SUSPICIOUS_MOVE = YES;
				CLANG_WARN_UNREACHABLE_CODE = YES;
				CLANG_WARN__DUPLICATE_METHOD_MATCH = YES;
				"CODE_SIGN_IDENTITY[sdk=iphoneos*]" = "iPhone Developer";
				COPY_PHASE_STRIP = NO;
				DEBUG_INFORMATION_FORMAT = dwarf;
				ENABLE_STRICT_OBJC_MSGSEND = YES;
				ENABLE_TESTABILITY = YES;
				GCC_C_LANGUAGE_STANDARD = gnu99;
				GCC_DYNAMIC_NO_PIC = NO;
				GCC_NO_COMMON_BLOCKS = YES;
				GCC_OPTIMIZATION_LEVEL = 0;
				GCC_PREPROCESSOR_DEFINITIONS = (
					"DEBUG=1",
					"$(inherited)",
				);
				GCC_WARN_64_TO_32_BIT_CONVERSION = YES;
				GCC_WARN_ABOUT_RETURN_TYPE = YES_ERROR;
				GCC_WARN_UNDECLARED_SELECTOR = YES;
				GCC_WARN_UNINITIALIZED_AUTOS = YES_AGGRESSIVE;
				GCC_WARN_UNUSED_FUNCTION = YES;
				GCC_WARN_UNUSED_VARIABLE = YES;
				IPHONEOS_DEPLOYMENT_TARGET = 10.2;
				MTL_ENABLE_DEBUG_INFO = YES;
				ONLY_ACTIVE_ARCH = YES;
				SDKROOT = iphoneos;
				SWIFT_ACTIVE_COMPILATION_CONDITIONS = DEBUG;
				SWIFT_OPTIMIZATION_LEVEL = "-Onone";
			};
			name = Debug;
		};
		0C6A5F911E3E69710008C3C3 /* Release */ = {
			isa = XCBuildConfiguration;
			buildSettings = {
				ALWAYS_SEARCH_USER_PATHS = NO;
				CLANG_ANALYZER_NONNULL = YES;
				CLANG_CXX_LANGUAGE_STANDARD = "gnu++0x";
				CLANG_CXX_LIBRARY = "libc++";
				CLANG_ENABLE_MODULES = YES;
				CLANG_ENABLE_OBJC_ARC = YES;
				CLANG_WARN_BOOL_CONVERSION = YES;
				CLANG_WARN_CONSTANT_CONVERSION = YES;
				CLANG_WARN_DIRECT_OBJC_ISA_USAGE = YES_ERROR;
				CLANG_WARN_DOCUMENTATION_COMMENTS = YES;
				CLANG_WARN_EMPTY_BODY = YES;
				CLANG_WARN_ENUM_CONVERSION = YES;
				CLANG_WARN_INFINITE_RECURSION = YES;
				CLANG_WARN_INT_CONVERSION = YES;
				CLANG_WARN_OBJC_ROOT_CLASS = YES_ERROR;
				CLANG_WARN_SUSPICIOUS_MOVE = YES;
				CLANG_WARN_UNREACHABLE_CODE = YES;
				CLANG_WARN__DUPLICATE_METHOD_MATCH = YES;
				"CODE_SIGN_IDENTITY[sdk=iphoneos*]" = "iPhone Developer";
				COPY_PHASE_STRIP = NO;
				DEBUG_INFORMATION_FORMAT = "dwarf-with-dsym";
				ENABLE_NS_ASSERTIONS = NO;
				ENABLE_STRICT_OBJC_MSGSEND = YES;
				GCC_C_LANGUAGE_STANDARD = gnu99;
				GCC_NO_COMMON_BLOCKS = YES;
				GCC_WARN_64_TO_32_BIT_CONVERSION = YES;
				GCC_WARN_ABOUT_RETURN_TYPE = YES_ERROR;
				GCC_WARN_UNDECLARED_SELECTOR = YES;
				GCC_WARN_UNINITIALIZED_AUTOS = YES_AGGRESSIVE;
				GCC_WARN_UNUSED_FUNCTION = YES;
				GCC_WARN_UNUSED_VARIABLE = YES;
				IPHONEOS_DEPLOYMENT_TARGET = 10.2;
				MTL_ENABLE_DEBUG_INFO = NO;
				SDKROOT = iphoneos;
				SWIFT_OPTIMIZATION_LEVEL = "-Owholemodule";
				VALIDATE_PRODUCT = YES;
			};
			name = Release;
		};
		0C6A5F931E3E69710008C3C3 /* Debug */ = {
			isa = XCBuildConfiguration;
			baseConfigurationReference = 68EF171CB33FEBE2104959A5 /* Pods-NewsBeta1.debug.xcconfig */;
			buildSettings = {
				ASSETCATALOG_COMPILER_APPICON_NAME = AppIcon;
				CLANG_ENABLE_MODULES = YES;
				DEVELOPMENT_TEAM = 3B3NU2T7AN;
				INFOPLIST_FILE = NewsBeta1/Info.plist;
				LD_RUNPATH_SEARCH_PATHS = "$(inherited) @executable_path/Frameworks";
				PRODUCT_BUNDLE_IDENTIFIER = com.AppCo.NewsBeta1;
				PRODUCT_NAME = "$(TARGET_NAME)";
				SWIFT_OBJC_BRIDGING_HEADER = "NewsBeta1/NewsBeta1-Bridging-Header.h";
				SWIFT_OPTIMIZATION_LEVEL = "-Onone";
				SWIFT_VERSION = 3.0;
			};
			name = Debug;
		};
		0C6A5F941E3E69710008C3C3 /* Release */ = {
			isa = XCBuildConfiguration;
			baseConfigurationReference = F176E6E4A163C50CFBC27AE9 /* Pods-NewsBeta1.release.xcconfig */;
			buildSettings = {
				ASSETCATALOG_COMPILER_APPICON_NAME = AppIcon;
				CLANG_ENABLE_MODULES = YES;
				DEVELOPMENT_TEAM = 3B3NU2T7AN;
				INFOPLIST_FILE = NewsBeta1/Info.plist;
				LD_RUNPATH_SEARCH_PATHS = "$(inherited) @executable_path/Frameworks";
				PRODUCT_BUNDLE_IDENTIFIER = com.AppCo.NewsBeta1;
				PRODUCT_NAME = "$(TARGET_NAME)";
				SWIFT_OBJC_BRIDGING_HEADER = "NewsBeta1/NewsBeta1-Bridging-Header.h";
				SWIFT_VERSION = 3.0;
			};
			name = Release;
		};
/* End XCBuildConfiguration section */

/* Begin XCConfigurationList section */
		0C6A5F7B1E3E69700008C3C3 /* Build configuration list for PBXProject "NewsBeta1" */ = {
			isa = XCConfigurationList;
			buildConfigurations = (
				0C6A5F901E3E69710008C3C3 /* Debug */,
				0C6A5F911E3E69710008C3C3 /* Release */,
			);
			defaultConfigurationIsVisible = 0;
			defaultConfigurationName = Release;
		};
		0C6A5F921E3E69710008C3C3 /* Build configuration list for PBXNativeTarget "NewsBeta1" */ = {
			isa = XCConfigurationList;
			buildConfigurations = (
				0C6A5F931E3E69710008C3C3 /* Debug */,
				0C6A5F941E3E69710008C3C3 /* Release */,
			);
			defaultConfigurationIsVisible = 0;
			defaultConfigurationName = Release;
		};
/* End XCConfigurationList section */
	};
	rootObject = 0C6A5F781E3E69700008C3C3 /* Project object */;
}
